// !$*UTF8*$!
{
	archiveVersion = 1;
	classes = {
	};
	objectVersion = 46;
	objects = {

/* Begin PBXBuildFile section */
		DE7ED0BE1B9FA37700543007 /* AppDelegate.swift in Sources */ = {isa = PBXBuildFile; fileRef = DE7ED0BD1B9FA37700543007 /* AppDelegate.swift */; };
		DE7ED0C01B9FA37700543007 /* ViewController.swift in Sources */ = {isa = PBXBuildFile; fileRef = DE7ED0BF1B9FA37700543007 /* ViewController.swift */; };
		DE7ED0C31B9FA37700543007 /* Main.storyboard in Resources */ = {isa = PBXBuildFile; fileRef = DE7ED0C11B9FA37700543007 /* Main.storyboard */; };
		DE7ED0C51B9FA37700543007 /* Images.xcassets in Resources */ = {isa = PBXBuildFile; fileRef = DE7ED0C41B9FA37700543007 /* Images.xcassets */; };
		DE7ED0C81B9FA37700543007 /* LaunchScreen.xib in Resources */ = {isa = PBXBuildFile; fileRef = DE7ED0C61B9FA37700543007 /* LaunchScreen.xib */; };
		DE7ED0D41B9FA37700543007 /* pushdemoTests.swift in Sources */ = {isa = PBXBuildFile; fileRef = DE7ED0D31B9FA37700543007 /* pushdemoTests.swift */; };
		DE7ED0DF1B9FA61800543007 /* Bolts.framework in Frameworks */ = {isa = PBXBuildFile; fileRef = DE7ED0DD1B9FA61800543007 /* Bolts.framework */; };
		DE7ED0E01B9FA61800543007 /* Parse.framework in Frameworks */ = {isa = PBXBuildFile; fileRef = DE7ED0DE1B9FA61800543007 /* Parse.framework */; };
		DE7ED0E21B9FA65E00543007 /* AudioToolbox.framework in Frameworks */ = {isa = PBXBuildFile; fileRef = DE7ED0E11B9FA65E00543007 /* AudioToolbox.framework */; };
		DE7ED0E41B9FA66500543007 /* CFNetwork.framework in Frameworks */ = {isa = PBXBuildFile; fileRef = DE7ED0E31B9FA66500543007 /* CFNetwork.framework */; };
		DE7ED0E61B9FA67200543007 /* CoreGraphics.framework in Frameworks */ = {isa = PBXBuildFile; fileRef = DE7ED0E51B9FA67200543007 /* CoreGraphics.framework */; };
		DE7ED0E81B9FA67A00543007 /* CoreLocation.framework in Frameworks */ = {isa = PBXBuildFile; fileRef = DE7ED0E71B9FA67A00543007 /* CoreLocation.framework */; };
		DE7ED0EA1B9FA68500543007 /* QuartzCore.framework in Frameworks */ = {isa = PBXBuildFile; fileRef = DE7ED0E91B9FA68500543007 /* QuartzCore.framework */; };
		DE7ED0EC1B9FA69000543007 /* Security.framework in Frameworks */ = {isa = PBXBuildFile; fileRef = DE7ED0EB1B9FA69000543007 /* Security.framework */; };
		DE7ED0EE1B9FA69D00543007 /* StoreKit.framework in Frameworks */ = {isa = PBXBuildFile; fileRef = DE7ED0ED1B9FA69D00543007 /* StoreKit.framework */; };
		DE7ED0F01B9FA6A700543007 /* SystemConfiguration.framework in Frameworks */ = {isa = PBXBuildFile; fileRef = DE7ED0EF1B9FA6A700543007 /* SystemConfiguration.framework */; };
		DE7ED0F21B9FA6B300543007 /* libz.dylib in Frameworks */ = {isa = PBXBuildFile; fileRef = DE7ED0F11B9FA6B300543007 /* libz.dylib */; };
		DE7ED0F41B9FA6BC00543007 /* libsqlite3.dylib in Frameworks */ = {isa = PBXBuildFile; fileRef = DE7ED0F31B9FA6BC00543007 /* libsqlite3.dylib */; };
		DE7ED0F81B9FB02600543007 /* Fabric.framework in Frameworks */ = {isa = PBXBuildFile; fileRef = DE7ED0F61B9FB02600543007 /* Fabric.framework */; };
		DE7ED0F91B9FB02600543007 /* Crashlytics.framework in Frameworks */ = {isa = PBXBuildFile; fileRef = DE7ED0F71B9FB02600543007 /* Crashlytics.framework */; };
/* End PBXBuildFile section */

/* Begin PBXContainerItemProxy section */
		DE7ED0CE1B9FA37700543007 /* PBXContainerItemProxy */ = {
			isa = PBXContainerItemProxy;
			containerPortal = DE7ED0B01B9FA37700543007 /* Project object */;
			proxyType = 1;
			remoteGlobalIDString = DE7ED0B71B9FA37700543007;
			remoteInfo = pushdemo;
		};
/* End PBXContainerItemProxy section */

/* Begin PBXFileReference section */
		DE7ED0B81B9FA37700543007 /* pushdemo.app */ = {isa = PBXFileReference; explicitFileType = wrapper.application; includeInIndex = 0; path = pushdemo.app; sourceTree = BUILT_PRODUCTS_DIR; };
		DE7ED0BC1B9FA37700543007 /* Info.plist */ = {isa = PBXFileReference; lastKnownFileType = text.plist.xml; path = Info.plist; sourceTree = "<group>"; };
		DE7ED0BD1B9FA37700543007 /* AppDelegate.swift */ = {isa = PBXFileReference; lastKnownFileType = sourcecode.swift; path = AppDelegate.swift; sourceTree = "<group>"; };
		DE7ED0BF1B9FA37700543007 /* ViewController.swift */ = {isa = PBXFileReference; lastKnownFileType = sourcecode.swift; path = ViewController.swift; sourceTree = "<group>"; };
		DE7ED0C21B9FA37700543007 /* Base */ = {isa = PBXFileReference; lastKnownFileType = file.storyboard; name = Base; path = Base.lproj/Main.storyboard; sourceTree = "<group>"; };
		DE7ED0C41B9FA37700543007 /* Images.xcassets */ = {isa = PBXFileReference; lastKnownFileType = folder.assetcatalog; path = Images.xcassets; sourceTree = "<group>"; };
		DE7ED0C71B9FA37700543007 /* Base */ = {isa = PBXFileReference; lastKnownFileType = file.xib; name = Base; path = Base.lproj/LaunchScreen.xib; sourceTree = "<group>"; };
		DE7ED0CD1B9FA37700543007 /* pushdemoTests.xctest */ = {isa = PBXFileReference; explicitFileType = wrapper.cfbundle; includeInIndex = 0; path = pushdemoTests.xctest; sourceTree = BUILT_PRODUCTS_DIR; };
		DE7ED0D21B9FA37700543007 /* Info.plist */ = {isa = PBXFileReference; lastKnownFileType = text.plist.xml; path = Info.plist; sourceTree = "<group>"; };
		DE7ED0D31B9FA37700543007 /* pushdemoTests.swift */ = {isa = PBXFileReference; lastKnownFileType = sourcecode.swift; path = pushdemoTests.swift; sourceTree = "<group>"; };
		DE7ED0DD1B9FA61800543007 /* Bolts.framework */ = {isa = PBXFileReference; lastKnownFileType = wrapper.framework; name = Bolts.framework; path = "../../../Certificates/parse-library-1.8.2/Bolts.framework"; sourceTree = "<group>"; };
		DE7ED0DE1B9FA61800543007 /* Parse.framework */ = {isa = PBXFileReference; lastKnownFileType = wrapper.framework; name = Parse.framework; path = "../../../Certificates/parse-library-1.8.2/Parse.framework"; sourceTree = "<group>"; };
		DE7ED0E11B9FA65E00543007 /* AudioToolbox.framework */ = {isa = PBXFileReference; lastKnownFileType = wrapper.framework; name = AudioToolbox.framework; path = System/Library/Frameworks/AudioToolbox.framework; sourceTree = SDKROOT; };
		DE7ED0E31B9FA66500543007 /* CFNetwork.framework */ = {isa = PBXFileReference; lastKnownFileType = wrapper.framework; name = CFNetwork.framework; path = System/Library/Frameworks/CFNetwork.framework; sourceTree = SDKROOT; };
		DE7ED0E51B9FA67200543007 /* CoreGraphics.framework */ = {isa = PBXFileReference; lastKnownFileType = wrapper.framework; name = CoreGraphics.framework; path = System/Library/Frameworks/CoreGraphics.framework; sourceTree = SDKROOT; };
		DE7ED0E71B9FA67A00543007 /* CoreLocation.framework */ = {isa = PBXFileReference; lastKnownFileType = wrapper.framework; name = CoreLocation.framework; path = System/Library/Frameworks/CoreLocation.framework; sourceTree = SDKROOT; };
		DE7ED0E91B9FA68500543007 /* QuartzCore.framework */ = {isa = PBXFileReference; lastKnownFileType = wrapper.framework; name = QuartzCore.framework; path = System/Library/Frameworks/QuartzCore.framework; sourceTree = SDKROOT; };
		DE7ED0EB1B9FA69000543007 /* Security.framework */ = {isa = PBXFileReference; lastKnownFileType = wrapper.framework; name = Security.framework; path = System/Library/Frameworks/Security.framework; sourceTree = SDKROOT; };
		DE7ED0ED1B9FA69D00543007 /* StoreKit.framework */ = {isa = PBXFileReference; lastKnownFileType = wrapper.framework; name = StoreKit.framework; path = System/Library/Frameworks/StoreKit.framework; sourceTree = SDKROOT; };
		DE7ED0EF1B9FA6A700543007 /* SystemConfiguration.framework */ = {isa = PBXFileReference; lastKnownFileType = wrapper.framework; name = SystemConfiguration.framework; path = System/Library/Frameworks/SystemConfiguration.framework; sourceTree = SDKROOT; };
		DE7ED0F11B9FA6B300543007 /* libz.dylib */ = {isa = PBXFileReference; lastKnownFileType = "compiled.mach-o.dylib"; name = libz.dylib; path = usr/lib/libz.dylib; sourceTree = SDKROOT; };
		DE7ED0F31B9FA6BC00543007 /* libsqlite3.dylib */ = {isa = PBXFileReference; lastKnownFileType = "compiled.mach-o.dylib"; name = libsqlite3.dylib; path = usr/lib/libsqlite3.dylib; sourceTree = SDKROOT; };
		DE7ED0F61B9FB02600543007 /* Fabric.framework */ = {isa = PBXFileReference; lastKnownFileType = wrapper.framework; path = Fabric.framework; sourceTree = "<group>"; };
		DE7ED0F71B9FB02600543007 /* Crashlytics.framework */ = {isa = PBXFileReference; lastKnownFileType = wrapper.framework; path = Crashlytics.framework; sourceTree = "<group>"; };
/* End PBXFileReference section */

/* Begin PBXFrameworksBuildPhase section */
		DE7ED0B51B9FA37700543007 /* Frameworks */ = {
			isa = PBXFrameworksBuildPhase;
			buildActionMask = 2147483647;
			files = (
				DE7ED0F41B9FA6BC00543007 /* libsqlite3.dylib in Frameworks */,
				DE7ED0F21B9FA6B300543007 /* libz.dylib in Frameworks */,
				DE7ED0F01B9FA6A700543007 /* SystemConfiguration.framework in Frameworks */,
				DE7ED0EE1B9FA69D00543007 /* StoreKit.framework in Frameworks */,
				DE7ED0EC1B9FA69000543007 /* Security.framework in Frameworks */,
				DE7ED0EA1B9FA68500543007 /* QuartzCore.framework in Frameworks */,
				DE7ED0F91B9FB02600543007 /* Crashlytics.framework in Frameworks */,
				DE7ED0E81B9FA67A00543007 /* CoreLocation.framework in Frameworks */,
				DE7ED0E61B9FA67200543007 /* CoreGraphics.framework in Frameworks */,
				DE7ED0F81B9FB02600543007 /* Fabric.framework in Frameworks */,
				DE7ED0E41B9FA66500543007 /* CFNetwork.framework in Frameworks */,
				DE7ED0E21B9FA65E00543007 /* AudioToolbox.framework in Frameworks */,
				DE7ED0E01B9FA61800543007 /* Parse.framework in Frameworks */,
				DE7ED0DF1B9FA61800543007 /* Bolts.framework in Frameworks */,
			);
			runOnlyForDeploymentPostprocessing = 0;
		};
		DE7ED0CA1B9FA37700543007 /* Frameworks */ = {
			isa = PBXFrameworksBuildPhase;
			buildActionMask = 2147483647;
			files = (
			);
			runOnlyForDeploymentPostprocessing = 0;
		};
/* End PBXFrameworksBuildPhase section */

/* Begin PBXGroup section */
		DE7ED0AF1B9FA37700543007 = {
			isa = PBXGroup;
			children = (
				DE7ED0F31B9FA6BC00543007 /* libsqlite3.dylib */,
				DE7ED0F11B9FA6B300543007 /* libz.dylib */,
				DE7ED0F61B9FB02600543007 /* Fabric.framework */,
				DE7ED0F71B9FB02600543007 /* Crashlytics.framework */,
				DE7ED0EF1B9FA6A700543007 /* SystemConfiguration.framework */,
				DE7ED0ED1B9FA69D00543007 /* StoreKit.framework */,
				DE7ED0EB1B9FA69000543007 /* Security.framework */,
				DE7ED0E91B9FA68500543007 /* QuartzCore.framework */,
				DE7ED0E71B9FA67A00543007 /* CoreLocation.framework */,
				DE7ED0E51B9FA67200543007 /* CoreGraphics.framework */,
				DE7ED0E31B9FA66500543007 /* CFNetwork.framework */,
				DE7ED0E11B9FA65E00543007 /* AudioToolbox.framework */,
				DE7ED0BA1B9FA37700543007 /* pushdemo */,
				DE7ED0D01B9FA37700543007 /* pushdemoTests */,
				DE7ED0B91B9FA37700543007 /* Products */,
			);
			sourceTree = "<group>";
		};
		DE7ED0B91B9FA37700543007 /* Products */ = {
			isa = PBXGroup;
			children = (
				DE7ED0B81B9FA37700543007 /* pushdemo.app */,
				DE7ED0CD1B9FA37700543007 /* pushdemoTests.xctest */,
			);
			name = Products;
			sourceTree = "<group>";
		};
		DE7ED0BA1B9FA37700543007 /* pushdemo */ = {
			isa = PBXGroup;
			children = (
				DE7ED0DD1B9FA61800543007 /* Bolts.framework */,
				DE7ED0DE1B9FA61800543007 /* Parse.framework */,
				DE7ED0BD1B9FA37700543007 /* AppDelegate.swift */,
				DE7ED0BF1B9FA37700543007 /* ViewController.swift */,
				DE7ED0C11B9FA37700543007 /* Main.storyboard */,
				DE7ED0C41B9FA37700543007 /* Images.xcassets */,
				DE7ED0C61B9FA37700543007 /* LaunchScreen.xib */,
				DE7ED0BB1B9FA37700543007 /* Supporting Files */,
			);
			path = pushdemo;
			sourceTree = "<group>";
		};
		DE7ED0BB1B9FA37700543007 /* Supporting Files */ = {
			isa = PBXGroup;
			children = (
				DE7ED0BC1B9FA37700543007 /* Info.plist */,
			);
			name = "Supporting Files";
			sourceTree = "<group>";
		};
		DE7ED0D01B9FA37700543007 /* pushdemoTests */ = {
			isa = PBXGroup;
			children = (
				DE7ED0D31B9FA37700543007 /* pushdemoTests.swift */,
				DE7ED0D11B9FA37700543007 /* Supporting Files */,
			);
			path = pushdemoTests;
			sourceTree = "<group>";
		};
		DE7ED0D11B9FA37700543007 /* Supporting Files */ = {
			isa = PBXGroup;
			children = (
				DE7ED0D21B9FA37700543007 /* Info.plist */,
			);
			name = "Supporting Files";
			sourceTree = "<group>";
		};
/* End PBXGroup section */

/* Begin PBXNativeTarget section */
		DE7ED0B71B9FA37700543007 /* pushdemo */ = {
			isa = PBXNativeTarget;
			buildConfigurationList = DE7ED0D71B9FA37700543007 /* Build configuration list for PBXNativeTarget "pushdemo" */;
			buildPhases = (
				DE7ED0B41B9FA37700543007 /* Sources */,
				DE7ED0B51B9FA37700543007 /* Frameworks */,
				DE7ED0B61B9FA37700543007 /* Resources */,
				DE7ED0F51B9FB00900543007 /* ShellScript */,
			);
			buildRules = (
			);
			dependencies = (
			);
			name = pushdemo;
			productName = pushdemo;
			productReference = DE7ED0B81B9FA37700543007 /* pushdemo.app */;
			productType = "com.apple.product-type.application";
		};
		DE7ED0CC1B9FA37700543007 /* pushdemoTests */ = {
			isa = PBXNativeTarget;
			buildConfigurationList = DE7ED0DA1B9FA37700543007 /* Build configuration list for PBXNativeTarget "pushdemoTests" */;
			buildPhases = (
				DE7ED0C91B9FA37700543007 /* Sources */,
				DE7ED0CA1B9FA37700543007 /* Frameworks */,
				DE7ED0CB1B9FA37700543007 /* Resources */,
			);
			buildRules = (
			);
			dependencies = (
				DE7ED0CF1B9FA37700543007 /* PBXTargetDependency */,
			);
			name = pushdemoTests;
			productName = pushdemoTests;
			productReference = DE7ED0CD1B9FA37700543007 /* pushdemoTests.xctest */;
			productType = "com.apple.product-type.bundle.unit-test";
		};
/* End PBXNativeTarget section */

/* Begin PBXProject section */
		DE7ED0B01B9FA37700543007 /* Project object */ = {
			isa = PBXProject;
			attributes = {
				LastUpgradeCheck = 0640;
				ORGANIZATIONNAME = Nerddevelopers;
				TargetAttributes = {
					DE7ED0B71B9FA37700543007 = {
						CreatedOnToolsVersion = 6.4;
						DevelopmentTeam = 4K26DZR5AW;
					};
					DE7ED0CC1B9FA37700543007 = {
						CreatedOnToolsVersion = 6.4;
						TestTargetID = DE7ED0B71B9FA37700543007;
					};
				};
			};
			buildConfigurationList = DE7ED0B31B9FA37700543007 /* Build configuration list for PBXProject "pushdemo" */;
			compatibilityVersion = "Xcode 3.2";
			developmentRegion = English;
			hasScannedForEncodings = 0;
			knownRegions = (
				en,
				Base,
			);
			mainGroup = DE7ED0AF1B9FA37700543007;
			productRefGroup = DE7ED0B91B9FA37700543007 /* Products */;
			projectDirPath = "";
			projectRoot = "";
			targets = (
				DE7ED0B71B9FA37700543007 /* pushdemo */,
				DE7ED0CC1B9FA37700543007 /* pushdemoTests */,
			);
		};
/* End PBXProject section */

/* Begin PBXResourcesBuildPhase section */
		DE7ED0B61B9FA37700543007 /* Resources */ = {
			isa = PBXResourcesBuildPhase;
			buildActionMask = 2147483647;
			files = (
				DE7ED0C31B9FA37700543007 /* Main.storyboard in Resources */,
				DE7ED0C81B9FA37700543007 /* LaunchScreen.xib in Resources */,
				DE7ED0C51B9FA37700543007 /* Images.xcassets in Resources */,
			);
			runOnlyForDeploymentPostprocessing = 0;
		};
		DE7ED0CB1B9FA37700543007 /* Resources */ = {
			isa = PBXResourcesBuildPhase;
			buildActionMask = 2147483647;
			files = (
			);
			runOnlyForDeploymentPostprocessing = 0;
		};
/* End PBXResourcesBuildPhase section */

/* Begin PBXShellScriptBuildPhase section */
		DE7ED0F51B9FB00900543007 /* ShellScript */ = {
			isa = PBXShellScriptBuildPhase;
			buildActionMask = 2147483647;
			files = (
			);
			inputPaths = (
			);
			outputPaths = (
			);
			runOnlyForDeploymentPostprocessing = 0;
			shellPath = /bin/sh;
			shellScript = "./Fabric.framework/run ce6779b1eee27ed357f990756ef9ca0af9a9ed0e b3f6d3eae1c21d3bda6625fe941b0bc64705b24999f135944c4f6658c8f10d10";
		};
/* End PBXShellScriptBuildPhase section */

/* Begin PBXSourcesBuildPhase section */
		DE7ED0B41B9FA37700543007 /* Sources */ = {
			isa = PBXSourcesBuildPhase;
			buildActionMask = 2147483647;
			files = (
				DE7ED0C01B9FA37700543007 /* ViewController.swift in Sources */,
				DE7ED0BE1B9FA37700543007 /* AppDelegate.swift in Sources */,
			);
			runOnlyForDeploymentPostprocessing = 0;
		};
		DE7ED0C91B9FA37700543007 /* Sources */ = {
			isa = PBXSourcesBuildPhase;
			buildActionMask = 2147483647;
			files = (
				DE7ED0D41B9FA37700543007 /* pushdemoTests.swift in Sources */,
			);
			runOnlyForDeploymentPostprocessing = 0;
		};
/* End PBXSourcesBuildPhase section */

/* Begin PBXTargetDependency section */
		DE7ED0CF1B9FA37700543007 /* PBXTargetDependency */ = {
			isa = PBXTargetDependency;
			target = DE7ED0B71B9FA37700543007 /* pushdemo */;
			targetProxy = DE7ED0CE1B9FA37700543007 /* PBXContainerItemProxy */;
		};
/* End PBXTargetDependency section */

/* Begin PBXVariantGroup section */
		DE7ED0C11B9FA37700543007 /* Main.storyboard */ = {
			isa = PBXVariantGroup;
			children = (
				DE7ED0C21B9FA37700543007 /* Base */,
			);
			name = Main.storyboard;
			sourceTree = "<group>";
		};
		DE7ED0C61B9FA37700543007 /* LaunchScreen.xib */ = {
			isa = PBXVariantGroup;
			children = (
				DE7ED0C71B9FA37700543007 /* Base */,
			);
			name = LaunchScreen.xib;
			sourceTree = "<group>";
		};
/* End PBXVariantGroup section */

/* Begin XCBuildConfiguration section */
		DE7ED0D51B9FA37700543007 /* Debug */ = {
			isa = XCBuildConfiguration;
			buildSettings = {
				ALWAYS_SEARCH_USER_PATHS = NO;
				CLANG_CXX_LANGUAGE_STANDARD = "gnu++0x";
				CLANG_CXX_LIBRARY = "libc++";
				CLANG_ENABLE_MODULES = YES;
				CLANG_ENABLE_OBJC_ARC = YES;
				CLANG_WARN_BOOL_CONVERSION = YES;
				CLANG_WARN_CONSTANT_CONVERSION = YES;
				CLANG_WARN_DIRECT_OBJC_ISA_USAGE = YES_ERROR;
				CLANG_WARN_EMPTY_BODY = YES;
				CLANG_WARN_ENUM_CONVERSION = YES;
				CLANG_WARN_INT_CONVERSION = YES;
				CLANG_WARN_OBJC_ROOT_CLASS = YES_ERROR;
				CLANG_WARN_UNREACHABLE_CODE = YES;
				CLANG_WARN__DUPLICATE_METHOD_MATCH = YES;
				"CODE_SIGN_IDENTITY[sdk=iphoneos*]" = "iPhone Developer";
				COPY_PHASE_STRIP = NO;
				DEBUG_INFORMATION_FORMAT = "dwarf-with-dsym";
				ENABLE_STRICT_OBJC_MSGSEND = YES;
				GCC_C_LANGUAGE_STANDARD = gnu99;
				GCC_DYNAMIC_NO_PIC = NO;
				GCC_NO_COMMON_BLOCKS = YES;
				GCC_OPTIMIZATION_LEVEL = 0;
				GCC_PREPROCESSOR_DEFINITIONS = (
					"DEBUG=1",
					"$(inherited)",
				);
				GCC_SYMBOLS_PRIVATE_EXTERN = NO;
				GCC_WARN_64_TO_32_BIT_CONVERSION = YES;
				GCC_WARN_ABOUT_RETURN_TYPE = YES_ERROR;
				GCC_WARN_UNDECLARED_SELECTOR = YES;
				GCC_WARN_UNINITIALIZED_AUTOS = YES_AGGRESSIVE;
				GCC_WARN_UNUSED_FUNCTION = YES;
				GCC_WARN_UNUSED_VARIABLE = YES;
				IPHONEOS_DEPLOYMENT_TARGET = 8.4;
				MTL_ENABLE_DEBUG_INFO = YES;
				ONLY_ACTIVE_ARCH = YES;
				SDKROOT = iphoneos;
				SWIFT_OPTIMIZATION_LEVEL = "-Onone";
			};
			name = Debug;
		};
		DE7ED0D61B9FA37700543007 /* Release */ = {
			isa = XCBuildConfiguration;
			buildSettings = {
				ALWAYS_SEARCH_USER_PATHS = NO;
				CLANG_CXX_LANGUAGE_STANDARD = "gnu++0x";
				CLANG_CXX_LIBRARY = "libc++";
				CLANG_ENABLE_MODULES = YES;
				CLANG_ENABLE_OBJC_ARC = YES;
				CLANG_WARN_BOOL_CONVERSION = YES;
				CLANG_WARN_CONSTANT_CONVERSION = YES;
				CLANG_WARN_DIRECT_OBJC_ISA_USAGE = YES_ERROR;
				CLANG_WARN_EMPTY_BODY = YES;
				CLANG_WARN_ENUM_CONVERSION = YES;
				CLANG_WARN_INT_CONVERSION = YES;
				CLANG_WARN_OBJC_ROOT_CLASS = YES_ERROR;
				CLANG_WARN_UNREACHABLE_CODE = YES;
				CLANG_WARN__DUPLICATE_METHOD_MATCH = YES;
				"CODE_SIGN_IDENTITY[sdk=iphoneos*]" = "iPhone Developer";
				COPY_PHASE_STRIP = NO;
				DEBUG_INFORMATION_FORMAT = "dwarf-with-dsym";
				ENABLE_NS_ASSERTIONS = NO;
				ENABLE_STRICT_OBJC_MSGSEND = YES;
				GCC_C_LANGUAGE_STANDARD = gnu99;
				GCC_NO_COMMON_BLOCKS = YES;
				GCC_WARN_64_TO_32_BIT_CONVERSION = YES;
				GCC_WARN_ABOUT_RETURN_TYPE = YES_ERROR;
				GCC_WARN_UNDECLARED_SELECTOR = YES;
				GCC_WARN_UNINITIALIZED_AUTOS = YES_AGGRESSIVE;
				GCC_WARN_UNUSED_FUNCTION = YES;
				GCC_WARN_UNUSED_VARIABLE = YES;
				IPHONEOS_DEPLOYMENT_TARGET = 8.4;
				MTL_ENABLE_DEBUG_INFO = NO;
				SDKROOT = iphoneos;
				VALIDATE_PRODUCT = YES;
			};
			name = Release;
		};
		DE7ED0D81B9FA37700543007 /* Debug */ = {
			isa = XCBuildConfiguration;
			buildSettings = {
				ASSETCATALOG_COMPILER_APPICON_NAME = AppIcon;
				CODE_SIGN_IDENTITY = "iPhone Developer: Don Wijaya Surendra (9363GLCWWW)";
				"CODE_SIGN_IDENTITY[sdk=iphoneos*]" = "iPhone Developer";
				FRAMEWORK_SEARCH_PATHS = (
					"$(inherited)",
					"/Users/talhaqamar/Desktop/Certificates/parse-library-1.8.2",
					"$(PROJECT_DIR)",
				);
				INFOPLIST_FILE = pushdemo/Info.plist;
				LD_RUNPATH_SEARCH_PATHS = "$(inherited) @executable_path/Frameworks";
				PRODUCT_NAME = "$(TARGET_NAME)";
				PROVISIONING_PROFILE = "687cbec4-c8ed-4282-89a4-a4e15208fd48";
			};
			name = Debug;
		};
		DE7ED0D91B9FA37700543007 /* Release */ = {
			isa = XCBuildConfiguration;
			buildSettings = {
				ASSETCATALOG_COMPILER_APPICON_NAME = AppIcon;
				CODE_SIGN_IDENTITY = "Apple Configurator (6C:3B:E5:8C:27:4B)";
				"CODE_SIGN_IDENTITY[sdk=iphoneos*]" = "iPhone Developer";
				FRAMEWORK_SEARCH_PATHS = (
					"$(inherited)",
					"/Users/talhaqamar/Desktop/Certificates/parse-library-1.8.2",
					"$(PROJECT_DIR)",
				);
				INFOPLIST_FILE = pushdemo/Info.plist;
				LD_RUNPATH_SEARCH_PATHS = "$(inherited) @executable_path/Frameworks";
				PRODUCT_NAME = "$(TARGET_NAME)";
				PROVISIONING_PROFILE = "687cbec4-c8ed-4282-89a4-a4e15208fd48";
			};
			name = Release;
		};
		DE7ED0DB1B9FA37700543007 /* Debug */ = {
			isa = XCBuildConfiguration;
			buildSettings = {
				BUNDLE_LOADER = "$(TEST_HOST)";
				FRAMEWORK_SEARCH_PATHS = (
					"$(SDKROOT)/Developer/Library/Frameworks",
					"$(inherited)",
				);
				GCC_PREPROCESSOR_DEFINITIONS = (
					"DEBUG=1",
					"$(inherited)",
				);
				INFOPLIST_FILE = pushdemoTests/Info.plist;
				LD_RUNPATH_SEARCH_PATHS = "$(inherited) @executable_path/Frameworks @loader_path/Frameworks";
				PRODUCT_NAME = "$(TARGET_NAME)";
				TEST_HOST = "$(BUILT_PRODUCTS_DIR)/pushdemo.app/pushdemo";
			};
			name = Debug;
		};
		DE7ED0DC1B9FA37700543007 /* Release */ = {
			isa = XCBuildConfiguration;
			buildSettings = {
				BUNDLE_LOADER = "$(TEST_HOST)";
				FRAMEWORK_SEARCH_PATHS = (
					"$(SDKROOT)/Developer/Library/Frameworks",
					"$(inherited)",
				);
				INFOPLIST_FILE = pushdemoTests/Info.plist;
				LD_RUNPATH_SEARCH_PATHS = "$(inherited) @executable_path/Frameworks @loader_path/Frameworks";
				PRODUCT_NAME = "$(TARGET_NAME)";
				TEST_HOST = "$(BUILT_PRODUCTS_DIR)/pushdemo.app/pushdemo";
			};
			name = Release;
		};
/* End XCBuildConfiguration section */

/* Begin XCConfigurationList section */
		DE7ED0B31B9FA37700543007 /* Build configuration list for PBXProject "pushdemo" */ = {
			isa = XCConfigurationList;
			buildConfigurations = (
				DE7ED0D51B9FA37700543007 /* Debug */,
				DE7ED0D61B9FA37700543007 /* Release */,
			);
			defaultConfigurationIsVisible = 0;
			defaultConfigurationName = Release;
		};
		DE7ED0D71B9FA37700543007 /* Build configuration list for PBXNativeTarget "pushdemo" */ = {
			isa = XCConfigurationList;
			buildConfigurations = (
				DE7ED0D81B9FA37700543007 /* Debug */,
				DE7ED0D91B9FA37700543007 /* Release */,
			);
			defaultConfigurationIsVisible = 0;
			defaultConfigurationName = Release;
		};
		DE7ED0DA1B9FA37700543007 /* Build configuration list for PBXNativeTarget "pushdemoTests" */ = {
			isa = XCConfigurationList;
			buildConfigurations = (
				DE7ED0DB1B9FA37700543007 /* Debug */,
				DE7ED0DC1B9FA37700543007 /* Release */,
			);
			defaultConfigurationIsVisible = 0;
			defaultConfigurationName = Release;
		};
/* End XCConfigurationList section */
	};
	rootObject = DE7ED0B01B9FA37700543007 /* Project object */;
}
